
Microsoft Visual Studio Solution File, Format Version 12.00
# Visual Studio Version 17
VisualStudioVersion = 17.7.34221.43
MinimumVisualStudioVersion = 10.0.40219.1
Project("{FAE04EC0-301F-11D3-BF4B-00C04F79EFBC}") = "University", "University\University.csproj", "{FB97172F-343D-42CD-951E-E05BE0C2A5F1}"
EndProject
Global
	GlobalSection(SolutionConfigurationPlatforms) = preSolution
		Debug|Any CPU = Debug|Any CPU
		Release|Any CPU = Release|Any CPU
	EndGlobalSection
	GlobalSection(ProjectConfigurationPlatforms) = postSolution
		{FB97172F-343D-42CD-951E-E05BE0C2A5F1}.Debug|Any CPU.ActiveCfg = Debug|Any CPU
		{FB97172F-343D-42CD-951E-E05BE0C2A5F1}.Debug|Any CPU.Build.0 = Debug|Any CPU
		{FB97172F-343D-42CD-951E-E05BE0C2A5F1}.Release|Any CPU.ActiveCfg = Release|Any CPU
		{FB97172F-343D-42CD-951E-E05BE0C2A5F1}.Release|Any CPU.Build.0 = Release|Any CPU
	EndGlobalSection
	GlobalSection(SolutionProperties) = preSolution
		HideSolutionNode = FALSE
	EndGlobalSection
	GlobalSection(ExtensibilityGlobals) = postSolution
		SolutionGuid = {B73D9D3B-CB1B-4A2D-BCE4-AEA4A3D0B654}
	EndGlobalSection
EndGlobal
